
Microsoft Visual Studio Solution File, Format Version 12.00
# Visual Studio Version 17
VisualStudioVersion = 17.7.34031.279
MinimumVisualStudioVersion = 10.0.40219.1
Project("{FAE04EC0-301F-11D3-BF4B-00C04F79EFBC}") = "BookaroomApplication", "BookaroomApplication\BookaroomApplication.csproj", "{1E267142-17C4-4C73-88F2-822D0E547D56}"
EndProject
Global
	GlobalSection(SolutionConfigurationPlatforms) = preSolution
		Debug|Any CPU = Debug|Any CPU
		Release|Any CPU = Release|Any CPU
	EndGlobalSection
	GlobalSection(ProjectConfigurationPlatforms) = postSolution
		{1E267142-17C4-4C73-88F2-822D0E547D56}.Debug|Any CPU.ActiveCfg = Debug|Any CPU
		{1E267142-17C4-4C73-88F2-822D0E547D56}.Debug|Any CPU.Build.0 = Debug|Any CPU
		{1E267142-17C4-4C73-88F2-822D0E547D56}.Release|Any CPU.ActiveCfg = Release|Any CPU
		{1E267142-17C4-4C73-88F2-822D0E547D56}.Release|Any CPU.Build.0 = Release|Any CPU
	EndGlobalSection
	GlobalSection(SolutionProperties) = preSolution
		HideSolutionNode = FALSE
	EndGlobalSection
	GlobalSection(ExtensibilityGlobals) = postSolution
		SolutionGuid = {CE72866A-8BED-416C-8773-A5DA6D7DAD90}
	EndGlobalSection
EndGlobal
